// !$*UTF8*$!
{
	archiveVersion = 1;
	classes = {
	};
	objectVersion = 50;
	objects = {

/* Begin PBXBuildFile section */
		8B844D3E2418D813000A3063 /* AppDelegate.m in Sources */ = {isa = PBXBuildFile; fileRef = 8B844D3D2418D813000A3063 /* AppDelegate.m */; };
		8B844D412418D814000A3063 /* SceneDelegate.m in Sources */ = {isa = PBXBuildFile; fileRef = 8B844D402418D814000A3063 /* SceneDelegate.m */; };
		8B844D442418D814000A3063 /* ViewController.m in Sources */ = {isa = PBXBuildFile; fileRef = 8B844D432418D814000A3063 /* ViewController.m */; };
		8B844D472418D814000A3063 /* Main.storyboard in Resources */ = {isa = PBXBuildFile; fileRef = 8B844D452418D814000A3063 /* Main.storyboard */; };
		8B844D4A2418D814000A3063 /* testSpamCode.xcdatamodeld in Sources */ = {isa = PBXBuildFile; fileRef = 8B844D482418D814000A3063 /* testSpamCode.xcdatamodeld */; };
		8B844D4C2418D815000A3063 /* Assets.xcassets in Resources */ = {isa = PBXBuildFile; fileRef = 8B844D4B2418D815000A3063 /* Assets.xcassets */; };
		8B844D4F2418D815000A3063 /* LaunchScreen.storyboard in Resources */ = {isa = PBXBuildFile; fileRef = 8B844D4D2418D815000A3063 /* LaunchScreen.storyboard */; };
		8B844D522418D815000A3063 /* main.m in Sources */ = {isa = PBXBuildFile; fileRef = 8B844D512418D815000A3063 /* main.m */; };
		8B844D5C2418D815000A3063 /* testSpamCodeTests.m in Sources */ = {isa = PBXBuildFile; fileRef = 8B844D5B2418D815000A3063 /* testSpamCodeTests.m */; };
		8B844D672418D815000A3063 /* testSpamCodeUITests.m in Sources */ = {isa = PBXBuildFile; fileRef = 8B844D662418D815000A3063 /* testSpamCodeUITests.m */; };
/* End PBXBuildFile section */

/* Begin PBXContainerItemProxy section */
		8B844D582418D815000A3063 /* PBXContainerItemProxy */ = {
			isa = PBXContainerItemProxy;
			containerPortal = 8B844D312418D813000A3063 /* Project object */;
			proxyType = 1;
			remoteGlobalIDString = 8B844D382418D813000A3063;
			remoteInfo = testSpamCode;
		};
		8B844D632418D815000A3063 /* PBXContainerItemProxy */ = {
			isa = PBXContainerItemProxy;
			containerPortal = 8B844D312418D813000A3063 /* Project object */;
			proxyType = 1;
			remoteGlobalIDString = 8B844D382418D813000A3063;
			remoteInfo = testSpamCode;
		};
/* End PBXContainerItemProxy section */

/* Begin PBXFileReference section */
		8B844D392418D813000A3063 /* testSpamCode.app */ = {isa = PBXFileReference; explicitFileType = wrapper.application; includeInIndex = 0; path = testSpamCode.app; sourceTree = BUILT_PRODUCTS_DIR; };
		8B844D3C2418D813000A3063 /* AppDelegate.h */ = {isa = PBXFileReference; lastKnownFileType = sourcecode.c.h; path = AppDelegate.h; sourceTree = "<group>"; };
		8B844D3D2418D813000A3063 /* AppDelegate.m */ = {isa = PBXFileReference; lastKnownFileType = sourcecode.c.objc; path = AppDelegate.m; sourceTree = "<group>"; };
		8B844D3F2418D813000A3063 /* SceneDelegate.h */ = {isa = PBXFileReference; lastKnownFileType = sourcecode.c.h; path = SceneDelegate.h; sourceTree = "<group>"; };
		8B844D402418D814000A3063 /* SceneDelegate.m */ = {isa = PBXFileReference; lastKnownFileType = sourcecode.c.objc; path = SceneDelegate.m; sourceTree = "<group>"; };
		8B844D422418D814000A3063 /* ViewController.h */ = {isa = PBXFileReference; lastKnownFileType = sourcecode.c.h; path = ViewController.h; sourceTree = "<group>"; };
		8B844D432418D814000A3063 /* ViewController.m */ = {isa = PBXFileReference; lastKnownFileType = sourcecode.c.objc; path = ViewController.m; sourceTree = "<group>"; };
		8B844D462418D814000A3063 /* Base */ = {isa = PBXFileReference; lastKnownFileType = file.storyboard; name = Base; path = Base.lproj/Main.storyboard; sourceTree = "<group>"; };
		8B844D492418D814000A3063 /* testSpamCode.xcdatamodel */ = {isa = PBXFileReference; lastKnownFileType = wrapper.xcdatamodel; path = testSpamCode.xcdatamodel; sourceTree = "<group>"; };
		8B844D4B2418D815000A3063 /* Assets.xcassets */ = {isa = PBXFileReference; lastKnownFileType = folder.assetcatalog; path = Assets.xcassets; sourceTree = "<group>"; };
		8B844D4E2418D815000A3063 /* Base */ = {isa = PBXFileReference; lastKnownFileType = file.storyboard; name = Base; path = Base.lproj/LaunchScreen.storyboard; sourceTree = "<group>"; };
		8B844D502418D815000A3063 /* Info.plist */ = {isa = PBXFileReference; lastKnownFileType = text.plist.xml; path = Info.plist; sourceTree = "<group>"; };
		8B844D512418D815000A3063 /* main.m */ = {isa = PBXFileReference; lastKnownFileType = sourcecode.c.objc; path = main.m; sourceTree = "<group>"; };
		8B844D572418D815000A3063 /* testSpamCodeTests.xctest */ = {isa = PBXFileReference; explicitFileType = wrapper.cfbundle; includeInIndex = 0; path = testSpamCodeTests.xctest; sourceTree = BUILT_PRODUCTS_DIR; };
		8B844D5B2418D815000A3063 /* testSpamCodeTests.m */ = {isa = PBXFileReference; lastKnownFileType = sourcecode.c.objc; path = testSpamCodeTests.m; sourceTree = "<group>"; };
		8B844D5D2418D815000A3063 /* Info.plist */ = {isa = PBXFileReference; lastKnownFileType = text.plist.xml; path = Info.plist; sourceTree = "<group>"; };
		8B844D622418D815000A3063 /* testSpamCodeUITests.xctest */ = {isa = PBXFileReference; explicitFileType = wrapper.cfbundle; includeInIndex = 0; path = testSpamCodeUITests.xctest; sourceTree = BUILT_PRODUCTS_DIR; };
		8B844D662418D815000A3063 /* testSpamCodeUITests.m */ = {isa = PBXFileReference; lastKnownFileType = sourcecode.c.objc; path = testSpamCodeUITests.m; sourceTree = "<group>"; };
		8B844D682418D815000A3063 /* Info.plist */ = {isa = PBXFileReference; lastKnownFileType = text.plist.xml; path = Info.plist; sourceTree = "<group>"; };
/* End PBXFileReference section */

/* Begin PBXFrameworksBuildPhase section */
		8B844D362418D813000A3063 /* Frameworks */ = {
			isa = PBXFrameworksBuildPhase;
			buildActionMask = 2147483647;
			files = (
			);
			runOnlyForDeploymentPostprocessing = 0;
		};
		8B844D542418D815000A3063 /* Frameworks */ = {
			isa = PBXFrameworksBuildPhase;
			buildActionMask = 2147483647;
			files = (
			);
			runOnlyForDeploymentPostprocessing = 0;
		};
		8B844D5F2418D815000A3063 /* Frameworks */ = {
			isa = PBXFrameworksBuildPhase;
			buildActionMask = 2147483647;
			files = (
			);
			runOnlyForDeploymentPostprocessing = 0;
		};
/* End PBXFrameworksBuildPhase section */

/* Begin PBXGroup section */
		8B844D302418D813000A3063 = {
			isa = PBXGroup;
			children = (
				8B844D3B2418D813000A3063 /* testSpamCode */,
				8B844D5A2418D815000A3063 /* testSpamCodeTests */,
				8B844D652418D815000A3063 /* testSpamCodeUITests */,
				8B844D3A2418D813000A3063 /* Products */,
			);
			sourceTree = "<group>";
		};
		8B844D3A2418D813000A3063 /* Products */ = {
			isa = PBXGroup;
			children = (
				8B844D392418D813000A3063 /* testSpamCode.app */,
				8B844D572418D815000A3063 /* testSpamCodeTests.xctest */,
				8B844D622418D815000A3063 /* testSpamCodeUITests.xctest */,
			);
			name = Products;
			sourceTree = "<group>";
		};
		8B844D3B2418D813000A3063 /* testSpamCode */ = {
			isa = PBXGroup;
			children = (
				8B844D3C2418D813000A3063 /* AppDelegate.h */,
				8B844D3D2418D813000A3063 /* AppDelegate.m */,
				8B844D3F2418D813000A3063 /* SceneDelegate.h */,
				8B844D402418D814000A3063 /* SceneDelegate.m */,
				8B844D422418D814000A3063 /* ViewController.h */,
				8B844D432418D814000A3063 /* ViewController.m */,
				8B844D452418D814000A3063 /* Main.storyboard */,
				8B844D4B2418D815000A3063 /* Assets.xcassets */,
				8B844D4D2418D815000A3063 /* LaunchScreen.storyboard */,
				8B844D502418D815000A3063 /* Info.plist */,
				8B844D512418D815000A3063 /* main.m */,
				8B844D482418D814000A3063 /* testSpamCode.xcdatamodeld */,
			);
			path = testSpamCode;
			sourceTree = "<group>";
		};
		8B844D5A2418D815000A3063 /* testSpamCodeTests */ = {
			isa = PBXGroup;
			children = (
				8B844D5B2418D815000A3063 /* testSpamCodeTests.m */,
				8B844D5D2418D815000A3063 /* Info.plist */,
			);
			path = testSpamCodeTests;
			sourceTree = "<group>";
		};
		8B844D652418D815000A3063 /* testSpamCodeUITests */ = {
			isa = PBXGroup;
			children = (
				8B844D662418D815000A3063 /* testSpamCodeUITests.m */,
				8B844D682418D815000A3063 /* Info.plist */,
			);
			path = testSpamCodeUITests;
			sourceTree = "<group>";
		};
/* End PBXGroup section */

/* Begin PBXNativeTarget section */
		8B844D382418D813000A3063 /* testSpamCode */ = {
			isa = PBXNativeTarget;
			buildConfigurationList = 8B844D6B2418D815000A3063 /* Build configuration list for PBXNativeTarget "testSpamCode" */;
			buildPhases = (
				8B844D352418D813000A3063 /* Sources */,
				8B844D362418D813000A3063 /* Frameworks */,
				8B844D372418D813000A3063 /* Resources */,
			);
			buildRules = (
			);
			dependencies = (
			);
			name = testSpamCode;
			productName = testSpamCode;
			productReference = 8B844D392418D813000A3063 /* testSpamCode.app */;
			productType = "com.apple.product-type.application";
		};
		8B844D562418D815000A3063 /* testSpamCodeTests */ = {
			isa = PBXNativeTarget;
			buildConfigurationList = 8B844D6E2418D815000A3063 /* Build configuration list for PBXNativeTarget "testSpamCodeTests" */;
			buildPhases = (
				8B844D532418D815000A3063 /* Sources */,
				8B844D542418D815000A3063 /* Frameworks */,
				8B844D552418D815000A3063 /* Resources */,
			);
			buildRules = (
			);
			dependencies = (
				8B844D592418D815000A3063 /* PBXTargetDependency */,
			);
			name = testSpamCodeTests;
			productName = testSpamCodeTests;
			productReference = 8B844D572418D815000A3063 /* testSpamCodeTests.xctest */;
			productType = "com.apple.product-type.bundle.unit-test";
		};
		8B844D612418D815000A3063 /* testSpamCodeUITests */ = {
			isa = PBXNativeTarget;
			buildConfigurationList = 8B844D712418D815000A3063 /* Build configuration list for PBXNativeTarget "testSpamCodeUITests" */;
			buildPhases = (
				8B844D5E2418D815000A3063 /* Sources */,
				8B844D5F2418D815000A3063 /* Frameworks */,
				8B844D602418D815000A3063 /* Resources */,
			);
			buildRules = (
			);
			dependencies = (
				8B844D642418D815000A3063 /* PBXTargetDependency */,
			);
			name = testSpamCodeUITests;
			productName = testSpamCodeUITests;
			productReference = 8B844D622418D815000A3063 /* testSpamCodeUITests.xctest */;
			productType = "com.apple.product-type.bundle.ui-testing";
		};
/* End PBXNativeTarget section */

/* Begin PBXProject section */
		8B844D312418D813000A3063 /* Project object */ = {
			isa = PBXProject;
			attributes = {
				LastUpgradeCheck = 1130;
				ORGANIZATIONNAME = "zhao xuefei";
				TargetAttributes = {
					8B844D382418D813000A3063 = {
						CreatedOnToolsVersion = 11.3.1;
					};
					8B844D562418D815000A3063 = {
						CreatedOnToolsVersion = 11.3.1;
						TestTargetID = 8B844D382418D813000A3063;
					};
					8B844D612418D815000A3063 = {
						CreatedOnToolsVersion = 11.3.1;
						TestTargetID = 8B844D382418D813000A3063;
					};
				};
			};
			buildConfigurationList = 8B844D342418D813000A3063 /* Build configuration list for PBXProject "testSpamCode" */;
			compatibilityVersion = "Xcode 9.3";
			developmentRegion = en;
			hasScannedForEncodings = 0;
			knownRegions = (
				en,
				Base,
			);
			mainGroup = 8B844D302418D813000A3063;
			productRefGroup = 8B844D3A2418D813000A3063 /* Products */;
			projectDirPath = "";
			projectRoot = "";
			targets = (
				8B844D382418D813000A3063 /* testSpamCode */,
				8B844D562418D815000A3063 /* testSpamCodeTests */,
				8B844D612418D815000A3063 /* testSpamCodeUITests */,
			);
		};
/* End PBXProject section */

/* Begin PBXResourcesBuildPhase section */
		8B844D372418D813000A3063 /* Resources */ = {
			isa = PBXResourcesBuildPhase;
			buildActionMask = 2147483647;
			files = (
				8B844D4F2418D815000A3063 /* LaunchScreen.storyboard in Resources */,
				8B844D4C2418D815000A3063 /* Assets.xcassets in Resources */,
				8B844D472418D814000A3063 /* Main.storyboard in Resources */,
			);
			runOnlyForDeploymentPostprocessing = 0;
		};
		8B844D552418D815000A3063 /* Resources */ = {
			isa = PBXResourcesBuildPhase;
			buildActionMask = 2147483647;
			files = (
			);
			runOnlyForDeploymentPostprocessing = 0;
		};
		8B844D602418D815000A3063 /* Resources */ = {
			isa = PBXResourcesBuildPhase;
			buildActionMask = 2147483647;
			files = (
			);
			runOnlyForDeploymentPostprocessing = 0;
		};
/* End PBXResourcesBuildPhase section */

/* Begin PBXSourcesBuildPhase section */
		8B844D352418D813000A3063 /* Sources */ = {
			isa = PBXSourcesBuildPhase;
			buildActionMask = 2147483647;
			files = (
				8B844D522418D815000A3063 /* main.m in Sources */,
				8B844D442418D814000A3063 /* ViewController.m in Sources */,
				8B844D4A2418D814000A3063 /* testSpamCode.xcdatamodeld in Sources */,
				8B844D3E2418D813000A3063 /* AppDelegate.m in Sources */,
				8B844D412418D814000A3063 /* SceneDelegate.m in Sources */,
			);
			runOnlyForDeploymentPostprocessing = 0;
		};
		8B844D532418D815000A3063 /* Sources */ = {
			isa = PBXSourcesBuildPhase;
			buildActionMask = 2147483647;
			files = (
				8B844D5C2418D815000A3063 /* testSpamCodeTests.m in Sources */,
			);
			runOnlyForDeploymentPostprocessing = 0;
		};
		8B844D5E2418D815000A3063 /* Sources */ = {
			isa = PBXSourcesBuildPhase;
			buildActionMask = 2147483647;
			files = (
				8B844D672418D815000A3063 /* testSpamCodeUITests.m in Sources */,
			);
			runOnlyForDeploymentPostprocessing = 0;
		};
/* End PBXSourcesBuildPhase section */

/* Begin PBXTargetDependency section */
		8B844D592418D815000A3063 /* PBXTargetDependency */ = {
			isa = PBXTargetDependency;
			target = 8B844D382418D813000A3063 /* testSpamCode */;
			targetProxy = 8B844D582418D815000A3063 /* PBXContainerItemProxy */;
		};
		8B844D642418D815000A3063 /* PBXTargetDependency */ = {
			isa = PBXTargetDependency;
			target = 8B844D382418D813000A3063 /* testSpamCode */;
			targetProxy = 8B844D632418D815000A3063 /* PBXContainerItemProxy */;
		};
/* End PBXTargetDependency section */

/* Begin PBXVariantGroup section */
		8B844D452418D814000A3063 /* Main.storyboard */ = {
			isa = PBXVariantGroup;
			children = (
				8B844D462418D814000A3063 /* Base */,
			);
			name = Main.storyboard;
			sourceTree = "<group>";
		};
		8B844D4D2418D815000A3063 /* LaunchScreen.storyboard */ = {
			isa = PBXVariantGroup;
			children = (
				8B844D4E2418D815000A3063 /* Base */,
			);
			name = LaunchScreen.storyboard;
			sourceTree = "<group>";
		};
/* End PBXVariantGroup section */

/* Begin XCBuildConfiguration section */
		8B844D692418D815000A3063 /* Debug */ = {
			isa = XCBuildConfiguration;
			buildSettings = {
				ALWAYS_SEARCH_USER_PATHS = NO;
				CLANG_ANALYZER_NONNULL = YES;
				CLANG_ANALYZER_NUMBER_OBJECT_CONVERSION = YES_AGGRESSIVE;
				CLANG_CXX_LANGUAGE_STANDARD = "gnu++14";
				CLANG_CXX_LIBRARY = "libc++";
				CLANG_ENABLE_MODULES = YES;
				CLANG_ENABLE_OBJC_ARC = YES;
				CLANG_ENABLE_OBJC_WEAK = YES;
				CLANG_WARN_BLOCK_CAPTURE_AUTORELEASING = YES;
				CLANG_WARN_BOOL_CONVERSION = YES;
				CLANG_WARN_COMMA = YES;
				CLANG_WARN_CONSTANT_CONVERSION = YES;
				CLANG_WARN_DEPRECATED_OBJC_IMPLEMENTATIONS = YES;
				CLANG_WARN_DIRECT_OBJC_ISA_USAGE = YES_ERROR;
				CLANG_WARN_DOCUMENTATION_COMMENTS = YES;
				CLANG_WARN_EMPTY_BODY = YES;
				CLANG_WARN_ENUM_CONVERSION = YES;
				CLANG_WARN_INFINITE_RECURSION = YES;
				CLANG_WARN_INT_CONVERSION = YES;
				CLANG_WARN_NON_LITERAL_NULL_CONVERSION = YES;
				CLANG_WARN_OBJC_IMPLICIT_RETAIN_SELF = YES;
				CLANG_WARN_OBJC_LITERAL_CONVERSION = YES;
				CLANG_WARN_OBJC_ROOT_CLASS = YES_ERROR;
				CLANG_WARN_RANGE_LOOP_ANALYSIS = YES;
				CLANG_WARN_STRICT_PROTOTYPES = YES;
				CLANG_WARN_SUSPICIOUS_MOVE = YES;
				CLANG_WARN_UNGUARDED_AVAILABILITY = YES_AGGRESSIVE;
				CLANG_WARN_UNREACHABLE_CODE = YES;
				CLANG_WARN__DUPLICATE_METHOD_MATCH = YES;
				COPY_PHASE_STRIP = NO;
				DEBUG_INFORMATION_FORMAT = dwarf;
				ENABLE_STRICT_OBJC_MSGSEND = YES;
				ENABLE_TESTABILITY = YES;
				GCC_C_LANGUAGE_STANDARD = gnu11;
				GCC_DYNAMIC_NO_PIC = NO;
				GCC_NO_COMMON_BLOCKS = YES;
				GCC_OPTIMIZATION_LEVEL = 0;
				GCC_PREPROCESSOR_DEFINITIONS = (
					"DEBUG=1",
					"$(inherited)",
				);
				GCC_WARN_64_TO_32_BIT_CONVERSION = YES;
				GCC_WARN_ABOUT_RETURN_TYPE = YES_ERROR;
				GCC_WARN_UNDECLARED_SELECTOR = YES;
				GCC_WARN_UNINITIALIZED_AUTOS = YES_AGGRESSIVE;
				GCC_WARN_UNUSED_FUNCTION = YES;
				GCC_WARN_UNUSED_VARIABLE = YES;
				IPHONEOS_DEPLOYMENT_TARGET = 13.2;
				MTL_ENABLE_DEBUG_INFO = INCLUDE_SOURCE;
				MTL_FAST_MATH = YES;
				ONLY_ACTIVE_ARCH = YES;
				SDKROOT = iphoneos;
			};
			name = Debug;
		};
		8B844D6A2418D815000A3063 /* Release */ = {
			isa = XCBuildConfiguration;
			buildSettings = {
				ALWAYS_SEARCH_USER_PATHS = NO;
				CLANG_ANALYZER_NONNULL = YES;
				CLANG_ANALYZER_NUMBER_OBJECT_CONVERSION = YES_AGGRESSIVE;
				CLANG_CXX_LANGUAGE_STANDARD = "gnu++14";
				CLANG_CXX_LIBRARY = "libc++";
				CLANG_ENABLE_MODULES = YES;
				CLANG_ENABLE_OBJC_ARC = YES;
				CLANG_ENABLE_OBJC_WEAK = YES;
				CLANG_WARN_BLOCK_CAPTURE_AUTORELEASING = YES;
				CLANG_WARN_BOOL_CONVERSION = YES;
				CLANG_WARN_COMMA = YES;
				CLANG_WARN_CONSTANT_CONVERSION = YES;
				CLANG_WARN_DEPRECATED_OBJC_IMPLEMENTATIONS = YES;
				CLANG_WARN_DIRECT_OBJC_ISA_USAGE = YES_ERROR;
				CLANG_WARN_DOCUMENTATION_COMMENTS = YES;
				CLANG_WARN_EMPTY_BODY = YES;
				CLANG_WARN_ENUM_CONVERSION = YES;
				CLANG_WARN_INFINITE_RECURSION = YES;
				CLANG_WARN_INT_CONVERSION = YES;
				CLANG_WARN_NON_LITERAL_NULL_CONVERSION = YES;
				CLANG_WARN_OBJC_IMPLICIT_RETAIN_SELF = YES;
				CLANG_WARN_OBJC_LITERAL_CONVERSION = YES;
				CLANG_WARN_OBJC_ROOT_CLASS = YES_ERROR;
				CLANG_WARN_RANGE_LOOP_ANALYSIS = YES;
				CLANG_WARN_STRICT_PROTOTYPES = YES;
				CLANG_WARN_SUSPICIOUS_MOVE = YES;
				CLANG_WARN_UNGUARDED_AVAILABILITY = YES_AGGRESSIVE;
				CLANG_WARN_UNREACHABLE_CODE = YES;
				CLANG_WARN__DUPLICATE_METHOD_MATCH = YES;
				COPY_PHASE_STRIP = NO;
				DEBUG_INFORMATION_FORMAT = "dwarf-with-dsym";
				ENABLE_NS_ASSERTIONS = NO;
				ENABLE_STRICT_OBJC_MSGSEND = YES;
				GCC_C_LANGUAGE_STANDARD = gnu11;
				GCC_NO_COMMON_BLOCKS = YES;
				GCC_WARN_64_TO_32_BIT_CONVERSION = YES;
				GCC_WARN_ABOUT_RETURN_TYPE = YES_ERROR;
				GCC_WARN_UNDECLARED_SELECTOR = YES;
				GCC_WARN_UNINITIALIZED_AUTOS = YES_AGGRESSIVE;
				GCC_WARN_UNUSED_FUNCTION = YES;
				GCC_WARN_UNUSED_VARIABLE = YES;
				IPHONEOS_DEPLOYMENT_TARGET = 13.2;
				MTL_ENABLE_DEBUG_INFO = NO;
				MTL_FAST_MATH = YES;
				SDKROOT = iphoneos;
				VALIDATE_PRODUCT = YES;
			};
			name = Release;
		};
		8B844D6C2418D815000A3063 /* Debug */ = {
			isa = XCBuildConfiguration;
			buildSettings = {
				ASSETCATALOG_COMPILER_APPICON_NAME = AppIcon;
				CODE_SIGN_STYLE = Automatic;
				INFOPLIST_FILE = testSpamCode/Info.plist;
				LD_RUNPATH_SEARCH_PATHS = (
					"$(inherited)",
					"@executable_path/Frameworks",
				);
				PRODUCT_BUNDLE_IDENTIFIER = com.domi.testSpamCode;
				PRODUCT_NAME = "$(TARGET_NAME)";
				TARGETED_DEVICE_FAMILY = "1,2";
			};
			name = Debug;
		};
		8B844D6D2418D815000A3063 /* Release */ = {
			isa = XCBuildConfiguration;
			buildSettings = {
				ASSETCATALOG_COMPILER_APPICON_NAME = AppIcon;
				CODE_SIGN_STYLE = Automatic;
				INFOPLIST_FILE = testSpamCode/Info.plist;
				LD_RUNPATH_SEARCH_PATHS = (
					"$(inherited)",
					"@executable_path/Frameworks",
				);
				PRODUCT_BUNDLE_IDENTIFIER = com.domi.testSpamCode;
				PRODUCT_NAME = "$(TARGET_NAME)";
				TARGETED_DEVICE_FAMILY = "1,2";
			};
			name = Release;
		};
		8B844D6F2418D815000A3063 /* Debug */ = {
			isa = XCBuildConfiguration;
			buildSettings = {
				BUNDLE_LOADER = "$(TEST_HOST)";
				CODE_SIGN_STYLE = Automatic;
				INFOPLIST_FILE = testSpamCodeTests/Info.plist;
				IPHONEOS_DEPLOYMENT_TARGET = 13.2;
				LD_RUNPATH_SEARCH_PATHS = (
					"$(inherited)",
					"@executable_path/Frameworks",
					"@loader_path/Frameworks",
				);
				PRODUCT_BUNDLE_IDENTIFIER = com.domi.testSpamCodeTests;
				PRODUCT_NAME = "$(TARGET_NAME)";
				TARGETED_DEVICE_FAMILY = "1,2";
				TEST_HOST = "$(BUILT_PRODUCTS_DIR)/testSpamCode.app/testSpamCode";
			};
			name = Debug;
		};
		8B844D702418D815000A3063 /* Release */ = {
			isa = XCBuildConfiguration;
			buildSettings = {
				BUNDLE_LOADER = "$(TEST_HOST)";
				CODE_SIGN_STYLE = Automatic;
				INFOPLIST_FILE = testSpamCodeTests/Info.plist;
				IPHONEOS_DEPLOYMENT_TARGET = 13.2;
				LD_RUNPATH_SEARCH_PATHS = (
					"$(inherited)",
					"@executable_path/Frameworks",
					"@loader_path/Frameworks",
				);
				PRODUCT_BUNDLE_IDENTIFIER = com.domi.testSpamCodeTests;
				PRODUCT_NAME = "$(TARGET_NAME)";
				TARGETED_DEVICE_FAMILY = "1,2";
				TEST_HOST = "$(BUILT_PRODUCTS_DIR)/testSpamCode.app/testSpamCode";
			};
			name = Release;
		};
		8B844D722418D815000A3063 /* Debug */ = {
			isa = XCBuildConfiguration;
			buildSettings = {
				CODE_SIGN_STYLE = Automatic;
				INFOPLIST_FILE = testSpamCodeUITests/Info.plist;
				LD_RUNPATH_SEARCH_PATHS = (
					"$(inherited)",
					"@executable_path/Frameworks",
					"@loader_path/Frameworks",
				);
				PRODUCT_BUNDLE_IDENTIFIER = com.domi.testSpamCodeUITests;
				PRODUCT_NAME = "$(TARGET_NAME)";
				TARGETED_DEVICE_FAMILY = "1,2";
				TEST_TARGET_NAME = testSpamCode;
			};
			name = Debug;
		};
		8B844D732418D815000A3063 /* Release */ = {
			isa = XCBuildConfiguration;
			buildSettings = {
				CODE_SIGN_STYLE = Automatic;
				INFOPLIST_FILE = testSpamCodeUITests/Info.plist;
				LD_RUNPATH_SEARCH_PATHS = (
					"$(inherited)",
					"@executable_path/Frameworks",
					"@loader_path/Frameworks",
				);
				PRODUCT_BUNDLE_IDENTIFIER = com.domi.testSpamCodeUITests;
				PRODUCT_NAME = "$(TARGET_NAME)";
				TARGETED_DEVICE_FAMILY = "1,2";
				TEST_TARGET_NAME = testSpamCode;
			};
			name = Release;
		};
/* End XCBuildConfiguration section */

/* Begin XCConfigurationList section */
		8B844D342418D813000A3063 /* Build configuration list for PBXProject "testSpamCode" */ = {
			isa = XCConfigurationList;
			buildConfigurations = (
				8B844D692418D815000A3063 /* Debug */,
				8B844D6A2418D815000A3063 /* Release */,
			);
			defaultConfigurationIsVisible = 0;
			defaultConfigurationName = Release;
		};
		8B844D6B2418D815000A3063 /* Build configuration list for PBXNativeTarget "testSpamCode" */ = {
			isa = XCConfigurationList;
			buildConfigurations = (
				8B844D6C2418D815000A3063 /* Debug */,
				8B844D6D2418D815000A3063 /* Release */,
			);
			defaultConfigurationIsVisible = 0;
			defaultConfigurationName = Release;
		};
		8B844D6E2418D815000A3063 /* Build configuration list for PBXNativeTarget "testSpamCodeTests" */ = {
			isa = XCConfigurationList;
			buildConfigurations = (
				8B844D6F2418D815000A3063 /* Debug */,
				8B844D702418D815000A3063 /* Release */,
			);
			defaultConfigurationIsVisible = 0;
			defaultConfigurationName = Release;
		};
		8B844D712418D815000A3063 /* Build configuration list for PBXNativeTarget "testSpamCodeUITests" */ = {
			isa = XCConfigurationList;
			buildConfigurations = (
				8B844D722418D815000A3063 /* Debug */,
				8B844D732418D815000A3063 /* Release */,
			);
			defaultConfigurationIsVisible = 0;
			defaultConfigurationName = Release;
		};
/* End XCConfigurationList section */

/* Begin XCVersionGroup section */
		8B844D482418D814000A3063 /* testSpamCode.xcdatamodeld */ = {
			isa = XCVersionGroup;
			children = (
				8B844D492418D814000A3063 /* testSpamCode.xcdatamodel */,
			);
			currentVersion = 8B844D492418D814000A3063 /* testSpamCode.xcdatamodel */;
			path = testSpamCode.xcdatamodeld;
			sourceTree = "<group>";
			versionGroupType = wrapper.xcdatamodel;
		};
/* End XCVersionGroup section */
	};
	rootObject = 8B844D312418D813000A3063 /* Project object */;
}
